// !$*UTF8*$!
{
	archiveVersion = 1;
	classes = {
	};
	objectVersion = 48;
	objects = {

/* Begin PBXBuildFile section */
		8703E6FE1FEEC52C00B80574 /* CameraVCDelegate.swift in Sources */ = {isa = PBXBuildFile; fileRef = 8703E6FD1FEEC52C00B80574 /* CameraVCDelegate.swift */; };
		873C83BB5A5F25B3BA949C6C /* Pods_DevChat.framework in Frameworks */ = {isa = PBXBuildFile; fileRef = A4BE92A6BFFF8FA34E5A8B46 /* Pods_DevChat.framework */; };
		8757D0401FF034F50081C3EC /* LoginVC.swift in Sources */ = {isa = PBXBuildFile; fileRef = 8757D03F1FF034F50081C3EC /* LoginVC.swift */; };
		8787562A1FEC382F00A2843C /* AppDelegate.swift in Sources */ = {isa = PBXBuildFile; fileRef = 878756291FEC382F00A2843C /* AppDelegate.swift */; };
		8787562C1FEC382F00A2843C /* CameraVC.swift in Sources */ = {isa = PBXBuildFile; fileRef = 8787562B1FEC382F00A2843C /* CameraVC.swift */; };
		8787562F1FEC382F00A2843C /* Main.storyboard in Resources */ = {isa = PBXBuildFile; fileRef = 8787562D1FEC382F00A2843C /* Main.storyboard */; };
		878756341FEC382F00A2843C /* LaunchScreen.storyboard in Resources */ = {isa = PBXBuildFile; fileRef = 878756321FEC382F00A2843C /* LaunchScreen.storyboard */; };
		8787563E1FEC3D7400A2843C /* PhotoCaptureDelegate.swift in Sources */ = {isa = PBXBuildFile; fileRef = 8787563B1FEC3D7400A2843C /* PhotoCaptureDelegate.swift */; };
		8787563F1FEC3D7400A2843C /* PreviewView.swift in Sources */ = {isa = PBXBuildFile; fileRef = 8787563C1FEC3D7400A2843C /* PreviewView.swift */; };
		878756401FEC3D7400A2843C /* CameraViewController.swift in Sources */ = {isa = PBXBuildFile; fileRef = 8787563D1FEC3D7400A2843C /* CameraViewController.swift */; };
		879EF3AC1FEF0615004B67E6 /* GoogleService-Info.plist in Resources */ = {isa = PBXBuildFile; fileRef = 879EF3AB1FEF0615004B67E6 /* GoogleService-Info.plist */; };
		879EF3AE1FEFBF96004B67E6 /* Assets.xcassets in Resources */ = {isa = PBXBuildFile; fileRef = 879EF3AD1FEFBF96004B67E6 /* Assets.xcassets */; };
		879EF3B01FEFD4E1004B67E6 /* RoundTextField.swift in Sources */ = {isa = PBXBuildFile; fileRef = 879EF3AF1FEFD4E1004B67E6 /* RoundTextField.swift */; };
		879EF3B21FEFE8CF004B67E6 /* RoundedButton.swift in Sources */ = {isa = PBXBuildFile; fileRef = 879EF3B11FEFE8CF004B67E6 /* RoundedButton.swift */; };
/* End PBXBuildFile section */

/* Begin PBXFileReference section */
		11139BD7589D97ED98826394 /* Pods-DevChat.release.xcconfig */ = {isa = PBXFileReference; includeInIndex = 1; lastKnownFileType = text.xcconfig; name = "Pods-DevChat.release.xcconfig"; path = "Pods/Target Support Files/Pods-DevChat/Pods-DevChat.release.xcconfig"; sourceTree = "<group>"; };
		8703E6FD1FEEC52C00B80574 /* CameraVCDelegate.swift */ = {isa = PBXFileReference; lastKnownFileType = sourcecode.swift; path = CameraVCDelegate.swift; sourceTree = "<group>"; };
		8757D03F1FF034F50081C3EC /* LoginVC.swift */ = {isa = PBXFileReference; lastKnownFileType = sourcecode.swift; path = LoginVC.swift; sourceTree = "<group>"; };
		878756261FEC382F00A2843C /* DevChat.app */ = {isa = PBXFileReference; explicitFileType = wrapper.application; includeInIndex = 0; path = DevChat.app; sourceTree = BUILT_PRODUCTS_DIR; };
		878756291FEC382F00A2843C /* AppDelegate.swift */ = {isa = PBXFileReference; lastKnownFileType = sourcecode.swift; path = AppDelegate.swift; sourceTree = "<group>"; };
		8787562B1FEC382F00A2843C /* CameraVC.swift */ = {isa = PBXFileReference; lastKnownFileType = sourcecode.swift; path = CameraVC.swift; sourceTree = "<group>"; };
		8787562E1FEC382F00A2843C /* Base */ = {isa = PBXFileReference; lastKnownFileType = file.storyboard; name = Base; path = Base.lproj/Main.storyboard; sourceTree = "<group>"; };
		878756331FEC382F00A2843C /* Base */ = {isa = PBXFileReference; lastKnownFileType = file.storyboard; name = Base; path = Base.lproj/LaunchScreen.storyboard; sourceTree = "<group>"; };
		878756351FEC382F00A2843C /* Info.plist */ = {isa = PBXFileReference; lastKnownFileType = text.plist.xml; path = Info.plist; sourceTree = "<group>"; };
		8787563B1FEC3D7400A2843C /* PhotoCaptureDelegate.swift */ = {isa = PBXFileReference; fileEncoding = 4; lastKnownFileType = sourcecode.swift; path = PhotoCaptureDelegate.swift; sourceTree = "<group>"; };
		8787563C1FEC3D7400A2843C /* PreviewView.swift */ = {isa = PBXFileReference; fileEncoding = 4; lastKnownFileType = sourcecode.swift; path = PreviewView.swift; sourceTree = "<group>"; };
		8787563D1FEC3D7400A2843C /* CameraViewController.swift */ = {isa = PBXFileReference; fileEncoding = 4; lastKnownFileType = sourcecode.swift; path = CameraViewController.swift; sourceTree = "<group>"; };
		879EF3AB1FEF0615004B67E6 /* GoogleService-Info.plist */ = {isa = PBXFileReference; fileEncoding = 4; lastKnownFileType = text.plist.xml; path = "GoogleService-Info.plist"; sourceTree = "<group>"; };
		879EF3AD1FEFBF96004B67E6 /* Assets.xcassets */ = {isa = PBXFileReference; lastKnownFileType = folder.assetcatalog; path = Assets.xcassets; sourceTree = "<group>"; };
		879EF3AF1FEFD4E1004B67E6 /* RoundTextField.swift */ = {isa = PBXFileReference; lastKnownFileType = sourcecode.swift; path = RoundTextField.swift; sourceTree = "<group>"; };
		879EF3B11FEFE8CF004B67E6 /* RoundedButton.swift */ = {isa = PBXFileReference; lastKnownFileType = sourcecode.swift; path = RoundedButton.swift; sourceTree = "<group>"; };
		A4BE92A6BFFF8FA34E5A8B46 /* Pods_DevChat.framework */ = {isa = PBXFileReference; explicitFileType = wrapper.framework; includeInIndex = 0; path = Pods_DevChat.framework; sourceTree = BUILT_PRODUCTS_DIR; };
		B666069A3338A1BA58C706C9 /* Pods-DevChat.debug.xcconfig */ = {isa = PBXFileReference; includeInIndex = 1; lastKnownFileType = text.xcconfig; name = "Pods-DevChat.debug.xcconfig"; path = "Pods/Target Support Files/Pods-DevChat/Pods-DevChat.debug.xcconfig"; sourceTree = "<group>"; };
/* End PBXFileReference section */

/* Begin PBXFrameworksBuildPhase section */
		878756231FEC382F00A2843C /* Frameworks */ = {
			isa = PBXFrameworksBuildPhase;
			buildActionMask = 2147483647;
			files = (
				873C83BB5A5F25B3BA949C6C /* Pods_DevChat.framework in Frameworks */,
			);
			runOnlyForDeploymentPostprocessing = 0;
		};
/* End PBXFrameworksBuildPhase section */

/* Begin PBXGroup section */
		8703E6FC1FEEC4C200B80574 /* Protocol */ = {
			isa = PBXGroup;
			children = (
				8787563B1FEC3D7400A2843C /* PhotoCaptureDelegate.swift */,
				8703E6FD1FEEC52C00B80574 /* CameraVCDelegate.swift */,
			);
			path = Protocol;
			sourceTree = "<group>";
		};
		8787561D1FEC382F00A2843C = {
			isa = PBXGroup;
			children = (
				878756281FEC382F00A2843C /* DevChat */,
				878756271FEC382F00A2843C /* Products */,
				8DEF244C16C7C8B03D7B7A66 /* Pods */,
				D4920DFE94B7E02FF87BCB46 /* Frameworks */,
			);
			sourceTree = "<group>";
		};
		878756271FEC382F00A2843C /* Products */ = {
			isa = PBXGroup;
			children = (
				878756261FEC382F00A2843C /* DevChat.app */,
			);
			name = Products;
			sourceTree = "<group>";
		};
		878756281FEC382F00A2843C /* DevChat */ = {
			isa = PBXGroup;
			children = (
				8703E6FC1FEEC4C200B80574 /* Protocol */,
				878756431FEC3E0800A2843C /* View */,
				878756421FEC3DFC00A2843C /* Model */,
				878756411FEC3DF200A2843C /* Controller */,
				878756291FEC382F00A2843C /* AppDelegate.swift */,
				8787562D1FEC382F00A2843C /* Main.storyboard */,
				878756321FEC382F00A2843C /* LaunchScreen.storyboard */,
				879EF3AD1FEFBF96004B67E6 /* Assets.xcassets */,
				878756351FEC382F00A2843C /* Info.plist */,
				879EF3AB1FEF0615004B67E6 /* GoogleService-Info.plist */,
			);
			path = DevChat;
			sourceTree = "<group>";
		};
		878756411FEC3DF200A2843C /* Controller */ = {
			isa = PBXGroup;
			children = (
				8787563D1FEC3D7400A2843C /* CameraViewController.swift */,
				8787562B1FEC382F00A2843C /* CameraVC.swift */,
				8757D03F1FF034F50081C3EC /* LoginVC.swift */,
			);
			path = Controller;
			sourceTree = "<group>";
		};
		878756421FEC3DFC00A2843C /* Model */ = {
			isa = PBXGroup;
			children = (
			);
			path = Model;
			sourceTree = "<group>";
		};
		878756431FEC3E0800A2843C /* View */ = {
			isa = PBXGroup;
			children = (
				8787563C1FEC3D7400A2843C /* PreviewView.swift */,
				879EF3AF1FEFD4E1004B67E6 /* RoundTextField.swift */,
				879EF3B11FEFE8CF004B67E6 /* RoundedButton.swift */,
			);
			path = View;
			sourceTree = "<group>";
		};
		8DEF244C16C7C8B03D7B7A66 /* Pods */ = {
			isa = PBXGroup;
			children = (
				B666069A3338A1BA58C706C9 /* Pods-DevChat.debug.xcconfig */,
				11139BD7589D97ED98826394 /* Pods-DevChat.release.xcconfig */,
			);
			name = Pods;
			sourceTree = "<group>";
		};
		D4920DFE94B7E02FF87BCB46 /* Frameworks */ = {
			isa = PBXGroup;
			children = (
				A4BE92A6BFFF8FA34E5A8B46 /* Pods_DevChat.framework */,
			);
			name = Frameworks;
			sourceTree = "<group>";
		};
/* End PBXGroup section */

/* Begin PBXNativeTarget section */
		878756251FEC382F00A2843C /* DevChat */ = {
			isa = PBXNativeTarget;
			buildConfigurationList = 878756381FEC382F00A2843C /* Build configuration list for PBXNativeTarget "DevChat" */;
			buildPhases = (
				A9DDCAFCECCDE22E61B49997 /* [CP] Check Pods Manifest.lock */,
				878756221FEC382F00A2843C /* Sources */,
				878756231FEC382F00A2843C /* Frameworks */,
				878756241FEC382F00A2843C /* Resources */,
				26628B4BF1A4194A050E33A6 /* [CP] Embed Pods Frameworks */,
				A2887CD58182F1C4B35749F0 /* [CP] Copy Pods Resources */,
			);
			buildRules = (
			);
			dependencies = (
			);
			name = DevChat;
			productName = DevChat;
			productReference = 878756261FEC382F00A2843C /* DevChat.app */;
			productType = "com.apple.product-type.application";
		};
/* End PBXNativeTarget section */

/* Begin PBXProject section */
		8787561E1FEC382F00A2843C /* Project object */ = {
			isa = PBXProject;
			attributes = {
				LastSwiftUpdateCheck = 0920;
				LastUpgradeCheck = 0920;
				ORGANIZATIONNAME = "Ruslan Akberov";
				TargetAttributes = {
					878756251FEC382F00A2843C = {
						CreatedOnToolsVersion = 9.2;
						ProvisioningStyle = Automatic;
					};
				};
			};
			buildConfigurationList = 878756211FEC382F00A2843C /* Build configuration list for PBXProject "DevChat" */;
			compatibilityVersion = "Xcode 8.0";
			developmentRegion = en;
			hasScannedForEncodings = 0;
			knownRegions = (
				en,
				Base,
			);
			mainGroup = 8787561D1FEC382F00A2843C;
			productRefGroup = 878756271FEC382F00A2843C /* Products */;
			projectDirPath = "";
			projectRoot = "";
			targets = (
				878756251FEC382F00A2843C /* DevChat */,
			);
		};
/* End PBXProject section */

/* Begin PBXResourcesBuildPhase section */
		878756241FEC382F00A2843C /* Resources */ = {
			isa = PBXResourcesBuildPhase;
			buildActionMask = 2147483647;
			files = (
				878756341FEC382F00A2843C /* LaunchScreen.storyboard in Resources */,
				879EF3AC1FEF0615004B67E6 /* GoogleService-Info.plist in Resources */,
				879EF3AE1FEFBF96004B67E6 /* Assets.xcassets in Resources */,
				8787562F1FEC382F00A2843C /* Main.storyboard in Resources */,
			);
			runOnlyForDeploymentPostprocessing = 0;
		};
/* End PBXResourcesBuildPhase section */

/* Begin PBXShellScriptBuildPhase section */
		26628B4BF1A4194A050E33A6 /* [CP] Embed Pods Frameworks */ = {
			isa = PBXShellScriptBuildPhase;
			buildActionMask = 2147483647;
			files = (
			);
			inputPaths = (
				"${SRCROOT}/Pods/Target Support Files/Pods-DevChat/Pods-DevChat-frameworks.sh",
				"${BUILT_PRODUCTS_DIR}/GTMSessionFetcher/GTMSessionFetcher.framework",
				"${BUILT_PRODUCTS_DIR}/GoogleToolboxForMac/GoogleToolboxForMac.framework",
				"${BUILT_PRODUCTS_DIR}/nanopb/nanopb.framework",
			);
			name = "[CP] Embed Pods Frameworks";
			outputPaths = (
				"${TARGET_BUILD_DIR}/${FRAMEWORKS_FOLDER_PATH}/GTMSessionFetcher.framework",
				"${TARGET_BUILD_DIR}/${FRAMEWORKS_FOLDER_PATH}/GoogleToolboxForMac.framework",
				"${TARGET_BUILD_DIR}/${FRAMEWORKS_FOLDER_PATH}/nanopb.framework",
			);
			runOnlyForDeploymentPostprocessing = 0;
			shellPath = /bin/sh;
			shellScript = "\"${SRCROOT}/Pods/Target Support Files/Pods-DevChat/Pods-DevChat-frameworks.sh\"\n";
			showEnvVarsInLog = 0;
		};
		A2887CD58182F1C4B35749F0 /* [CP] Copy Pods Resources */ = {
			isa = PBXShellScriptBuildPhase;
			buildActionMask = 2147483647;
			files = (
			);
			inputPaths = (
			);
			name = "[CP] Copy Pods Resources";
			outputPaths = (
			);
			runOnlyForDeploymentPostprocessing = 0;
			shellPath = /bin/sh;
			shellScript = "\"${SRCROOT}/Pods/Target Support Files/Pods-DevChat/Pods-DevChat-resources.sh\"\n";
			showEnvVarsInLog = 0;
		};
		A9DDCAFCECCDE22E61B49997 /* [CP] Check Pods Manifest.lock */ = {
			isa = PBXShellScriptBuildPhase;
			buildActionMask = 2147483647;
			files = (
			);
			inputPaths = (
				"${PODS_PODFILE_DIR_PATH}/Podfile.lock",
				"${PODS_ROOT}/Manifest.lock",
			);
			name = "[CP] Check Pods Manifest.lock";
			outputPaths = (
				"$(DERIVED_FILE_DIR)/Pods-DevChat-checkManifestLockResult.txt",
			);
			runOnlyForDeploymentPostprocessing = 0;
			shellPath = /bin/sh;
			shellScript = "diff \"${PODS_PODFILE_DIR_PATH}/Podfile.lock\" \"${PODS_ROOT}/Manifest.lock\" > /dev/null\nif [ $? != 0 ] ; then\n    # print error to STDERR\n    echo \"error: The sandbox is not in sync with the Podfile.lock. Run 'pod install' or update your CocoaPods installation.\" >&2\n    exit 1\nfi\n# This output is used by Xcode 'outputs' to avoid re-running this script phase.\necho \"SUCCESS\" > \"${SCRIPT_OUTPUT_FILE_0}\"\n";
			showEnvVarsInLog = 0;
		};
/* End PBXShellScriptBuildPhase section */

/* Begin PBXSourcesBuildPhase section */
		878756221FEC382F00A2843C /* Sources */ = {
			isa = PBXSourcesBuildPhase;
			buildActionMask = 2147483647;
			files = (
				8787563E1FEC3D7400A2843C /* PhotoCaptureDelegate.swift in Sources */,
				878756401FEC3D7400A2843C /* CameraViewController.swift in Sources */,
				8787563F1FEC3D7400A2843C /* PreviewView.swift in Sources */,
				879EF3B21FEFE8CF004B67E6 /* RoundedButton.swift in Sources */,
				879EF3B01FEFD4E1004B67E6 /* RoundTextField.swift in Sources */,
				8757D0401FF034F50081C3EC /* LoginVC.swift in Sources */,
				8787562C1FEC382F00A2843C /* CameraVC.swift in Sources */,
				8703E6FE1FEEC52C00B80574 /* CameraVCDelegate.swift in Sources */,
				8787562A1FEC382F00A2843C /* AppDelegate.swift in Sources */,
			);
			runOnlyForDeploymentPostprocessing = 0;
		};
/* End PBXSourcesBuildPhase section */

/* Begin PBXVariantGroup section */
		8787562D1FEC382F00A2843C /* Main.storyboard */ = {
			isa = PBXVariantGroup;
			children = (
				8787562E1FEC382F00A2843C /* Base */,
			);
			name = Main.storyboard;
			sourceTree = "<group>";
		};
		878756321FEC382F00A2843C /* LaunchScreen.storyboard */ = {
			isa = PBXVariantGroup;
			children = (
				878756331FEC382F00A2843C /* Base */,
			);
			name = LaunchScreen.storyboard;
			sourceTree = "<group>";
		};
/* End PBXVariantGroup section */

/* Begin XCBuildConfiguration section */
		878756361FEC382F00A2843C /* Debug */ = {
			isa = XCBuildConfiguration;
			buildSettings = {
				ALWAYS_SEARCH_USER_PATHS = NO;
				CLANG_ANALYZER_NONNULL = YES;
				CLANG_ANALYZER_NUMBER_OBJECT_CONVERSION = YES_AGGRESSIVE;
				CLANG_CXX_LANGUAGE_STANDARD = "gnu++14";
				CLANG_CXX_LIBRARY = "libc++";
				CLANG_ENABLE_MODULES = YES;
				CLANG_ENABLE_OBJC_ARC = YES;
				CLANG_WARN_BLOCK_CAPTURE_AUTORELEASING = YES;
				CLANG_WARN_BOOL_CONVERSION = YES;
				CLANG_WARN_COMMA = YES;
				CLANG_WARN_CONSTANT_CONVERSION = YES;
				CLANG_WARN_DIRECT_OBJC_ISA_USAGE = YES_ERROR;
				CLANG_WARN_DOCUMENTATION_COMMENTS = YES;
				CLANG_WARN_EMPTY_BODY = YES;
				CLANG_WARN_ENUM_CONVERSION = YES;
				CLANG_WARN_INFINITE_RECURSION = YES;
				CLANG_WARN_INT_CONVERSION = YES;
				CLANG_WARN_NON_LITERAL_NULL_CONVERSION = YES;
				CLANG_WARN_OBJC_LITERAL_CONVERSION = YES;
				CLANG_WARN_OBJC_ROOT_CLASS = YES_ERROR;
				CLANG_WARN_RANGE_LOOP_ANALYSIS = YES;
				CLANG_WARN_STRICT_PROTOTYPES = YES;
				CLANG_WARN_SUSPICIOUS_MOVE = YES;
				CLANG_WARN_UNGUARDED_AVAILABILITY = YES_AGGRESSIVE;
				CLANG_WARN_UNREACHABLE_CODE = YES;
				CLANG_WARN__DUPLICATE_METHOD_MATCH = YES;
				CODE_SIGN_IDENTITY = "iPhone Developer";
				COPY_PHASE_STRIP = NO;
				DEBUG_INFORMATION_FORMAT = dwarf;
				ENABLE_STRICT_OBJC_MSGSEND = YES;
				ENABLE_TESTABILITY = YES;
				GCC_C_LANGUAGE_STANDARD = gnu11;
				GCC_DYNAMIC_NO_PIC = NO;
				GCC_NO_COMMON_BLOCKS = YES;
				GCC_OPTIMIZATION_LEVEL = 0;
				GCC_PREPROCESSOR_DEFINITIONS = (
					"DEBUG=1",
					"$(inherited)",
				);
				GCC_WARN_64_TO_32_BIT_CONVERSION = YES;
				GCC_WARN_ABOUT_RETURN_TYPE = YES_ERROR;
				GCC_WARN_UNDECLARED_SELECTOR = YES;
				GCC_WARN_UNINITIALIZED_AUTOS = YES_AGGRESSIVE;
				GCC_WARN_UNUSED_FUNCTION = YES;
				GCC_WARN_UNUSED_VARIABLE = YES;
				IPHONEOS_DEPLOYMENT_TARGET = 11.2;
				MTL_ENABLE_DEBUG_INFO = YES;
				ONLY_ACTIVE_ARCH = YES;
				SDKROOT = iphoneos;
				SWIFT_ACTIVE_COMPILATION_CONDITIONS = DEBUG;
				SWIFT_OPTIMIZATION_LEVEL = "-Onone";
			};
			name = Debug;
		};
		878756371FEC382F00A2843C /* Release */ = {
			isa = XCBuildConfiguration;
			buildSettings = {
				ALWAYS_SEARCH_USER_PATHS = NO;
				CLANG_ANALYZER_NONNULL = YES;
				CLANG_ANALYZER_NUMBER_OBJECT_CONVERSION = YES_AGGRESSIVE;
				CLANG_CXX_LANGUAGE_STANDARD = "gnu++14";
				CLANG_CXX_LIBRARY = "libc++";
				CLANG_ENABLE_MODULES = YES;
				CLANG_ENABLE_OBJC_ARC = YES;
				CLANG_WARN_BLOCK_CAPTURE_AUTORELEASING = YES;
				CLANG_WARN_BOOL_CONVERSION = YES;
				CLANG_WARN_COMMA = YES;
				CLANG_WARN_CONSTANT_CONVERSION = YES;
				CLANG_WARN_DIRECT_OBJC_ISA_USAGE = YES_ERROR;
				CLANG_WARN_DOCUMENTATION_COMMENTS = YES;
				CLANG_WARN_EMPTY_BODY = YES;
				CLANG_WARN_ENUM_CONVERSION = YES;
				CLANG_WARN_INFINITE_RECURSION = YES;
				CLANG_WARN_INT_CONVERSION = YES;
				CLANG_WARN_NON_LITERAL_NULL_CONVERSION = YES;
				CLANG_WARN_OBJC_LITERAL_CONVERSION = YES;
				CLANG_WARN_OBJC_ROOT_CLASS = YES_ERROR;
				CLANG_WARN_RANGE_LOOP_ANALYSIS = YES;
				CLANG_WARN_STRICT_PROTOTYPES = YES;
				CLANG_WARN_SUSPICIOUS_MOVE = YES;
				CLANG_WARN_UNGUARDED_AVAILABILITY = YES_AGGRESSIVE;
				CLANG_WARN_UNREACHABLE_CODE = YES;
				CLANG_WARN__DUPLICATE_METHOD_MATCH = YES;
				CODE_SIGN_IDENTITY = "iPhone Developer";
				COPY_PHASE_STRIP = NO;
				DEBUG_INFORMATION_FORMAT = "dwarf-with-dsym";
				ENABLE_NS_ASSERTIONS = NO;
				ENABLE_STRICT_OBJC_MSGSEND = YES;
				GCC_C_LANGUAGE_STANDARD = gnu11;
				GCC_NO_COMMON_BLOCKS = YES;
				GCC_WARN_64_TO_32_BIT_CONVERSION = YES;
				GCC_WARN_ABOUT_RETURN_TYPE = YES_ERROR;
				GCC_WARN_UNDECLARED_SELECTOR = YES;
				GCC_WARN_UNINITIALIZED_AUTOS = YES_AGGRESSIVE;
				GCC_WARN_UNUSED_FUNCTION = YES;
				GCC_WARN_UNUSED_VARIABLE = YES;
				IPHONEOS_DEPLOYMENT_TARGET = 11.2;
				MTL_ENABLE_DEBUG_INFO = NO;
				SDKROOT = iphoneos;
				SWIFT_OPTIMIZATION_LEVEL = "-Owholemodule";
				VALIDATE_PRODUCT = YES;
			};
			name = Release;
		};
		878756391FEC382F00A2843C /* Debug */ = {
			isa = XCBuildConfiguration;
			baseConfigurationReference = B666069A3338A1BA58C706C9 /* Pods-DevChat.debug.xcconfig */;
			buildSettings = {
				ASSETCATALOG_COMPILER_APPICON_NAME = AppIcon;
				CODE_SIGN_STYLE = Automatic;
				DEVELOPMENT_TEAM = JMYF9P9VY4;
				INFOPLIST_FILE = DevChat/Info.plist;
				LD_RUNPATH_SEARCH_PATHS = "$(inherited) @executable_path/Frameworks";
				PRODUCT_BUNDLE_IDENTIFIER = com.akberovapps.DevChat;
				PRODUCT_NAME = "$(TARGET_NAME)";
				SWIFT_VERSION = 4.0;
				TARGETED_DEVICE_FAMILY = "1,2";
			};
			name = Debug;
		};
		8787563A1FEC382F00A2843C /* Release */ = {
			isa = XCBuildConfiguration;
			baseConfigurationReference = 11139BD7589D97ED98826394 /* Pods-DevChat.release.xcconfig */;
			buildSettings = {
				ASSETCATALOG_COMPILER_APPICON_NAME = AppIcon;
				CODE_SIGN_STYLE = Automatic;
				DEVELOPMENT_TEAM = JMYF9P9VY4;
				INFOPLIST_FILE = DevChat/Info.plist;
				LD_RUNPATH_SEARCH_PATHS = "$(inherited) @executable_path/Frameworks";
				PRODUCT_BUNDLE_IDENTIFIER = com.akberovapps.DevChat;
				PRODUCT_NAME = "$(TARGET_NAME)";
				SWIFT_VERSION = 4.0;
				TARGETED_DEVICE_FAMILY = "1,2";
			};
			name = Release;
		};
/* End XCBuildConfiguration section */

/* Begin XCConfigurationList section */
		878756211FEC382F00A2843C /* Build configuration list for PBXProject "DevChat" */ = {
			isa = XCConfigurationList;
			buildConfigurations = (
				878756361FEC382F00A2843C /* Debug */,
				878756371FEC382F00A2843C /* Release */,
			);
			defaultConfigurationIsVisible = 0;
			defaultConfigurationName = Release;
		};
		878756381FEC382F00A2843C /* Build configuration list for PBXNativeTarget "DevChat" */ = {
			isa = XCConfigurationList;
			buildConfigurations = (
				878756391FEC382F00A2843C /* Debug */,
				8787563A1FEC382F00A2843C /* Release */,
			);
			defaultConfigurationIsVisible = 0;
			defaultConfigurationName = Release;
		};
/* End XCConfigurationList section */
	};
	rootObject = 8787561E1FEC382F00A2843C /* Project object */;
}
